
Microsoft Visual Studio Solution File, Format Version 12.00
# Visual Studio Version 17
VisualStudioVersion = 17.14.36429.23 d17.14
MinimumVisualStudioVersion = 10.0.40219.1
Project("{FAE04EC0-301F-11D3-BF4B-00C04F79EFBC}") = "lista 1 exe1", "lista 1 exe1\lista 1 exe1.csproj", "{03ECC8E8-9C46-4B85-AA81-88E3F1AE6201}"
EndProject
Global
	GlobalSection(SolutionConfigurationPlatforms) = preSolution
		Debug|Any CPU = Debug|Any CPU
		Release|Any CPU = Release|Any CPU
	EndGlobalSection
	GlobalSection(ProjectConfigurationPlatforms) = postSolution
		{03ECC8E8-9C46-4B85-AA81-88E3F1AE6201}.Debug|Any CPU.ActiveCfg = Debug|Any CPU
		{03ECC8E8-9C46-4B85-AA81-88E3F1AE6201}.Debug|Any CPU.Build.0 = Debug|Any CPU
		{03ECC8E8-9C46-4B85-AA81-88E3F1AE6201}.Release|Any CPU.ActiveCfg = Release|Any CPU
		{03ECC8E8-9C46-4B85-AA81-88E3F1AE6201}.Release|Any CPU.Build.0 = Release|Any CPU
	EndGlobalSection
	GlobalSection(SolutionProperties) = preSolution
		HideSolutionNode = FALSE
	EndGlobalSection
	GlobalSection(ExtensibilityGlobals) = postSolution
		SolutionGuid = {9AC3ED51-20D8-4BB6-9D1C-F9D9B7961AAE}
	EndGlobalSection
EndGlobal
